<?xml version="1.0" encoding="utf-8"?>
<Project ToolsVersion="4.0" xmlns="http://schemas.microsoft.com/developer/msbuild/2003">
  <ItemGroup>
    <Filter Include="Source Files">
      <UniqueIdentifier>{4FC737F1-C7A5-4376-A066-2A32D752A2FF}</UniqueIdentifier>
      <Extensions>cpp;c;cc;cxx;c++;cppm;ixx;def;odl;idl;hpj;bat;asm;asmx</Extensions>
    </Filter>
    <Filter Include="Header Files">
      <UniqueIdentifier>{93995380-89BD-4b04-88EB-625FBE52EBFB}</UniqueIdentifier>
      <Extensions>h;hh;hpp;hxx;h++;hm;inl;inc;ipp;xsd</Extensions>
    </Filter>
    <Filter Include="Resource Files">
      <UniqueIdentifier>{67DA6AB6-F800-4c08-8B7A-83BB121AAD01}</UniqueIdentifier>
      <Extensions>rc;ico;cur;bmp;dlg;rc2;rct;bin;rgs;gif;jpg;jpeg;jpe;resx;tiff;tif;png;wav;mfcribbon-ms</Extensions>
    </Filter>
    <Filter Include="assets">
      <UniqueIdentifier>{3ac1bc09-56c7-4d2f-b4ef-33bf412cfdf4}</UniqueIdentifier>
    </Filter>
    <Filter Include="assets\images">
      <UniqueIdentifier>{130bfd9f-cb8e-4e73-a4e6-e4b236fca61c}</UniqueIdentifier>
    </Filter>
  </ItemGroup>
  <ItemGroup>
    <ClCompile Include="PGE2_3D_Shaders.cpp">
      <Filter>Source Files</Filter>
    </ClCompile>
    <ClCompile Include="PGE2_3D_Demo.cpp">
      <Filter>Source Files</Filter>
    </ClCompile>
  </ItemGroup>
  <ItemGroup>
    <ClInclude Include="olcPixelGameEngine.h">
      <Filter>Header Files</Filter>
    </ClInclude>
    <ClInclude Include="olcPGEX_TransformedView.h">
      <Filter>Header Files</Filter>
    </ClInclude>
    <ClInclude Include="olcPGEX_3D_Shaders.h">
      <Filter>Header Files</Filter>
    </ClInclude>
    <ClInclude Include="olcUTIL_Hardware3D.h">
      <Filter>Header Files</Filter>
    </ClInclude>
    <ClInclude Include="stb_image.h">
      <Filter>Header Files</Filter>
    </ClInclude>
  </ItemGroup>
  <ItemGroup>
    <Image Include="assets\images\body3d.png">
      <Filter>assets\images</Filter>
    </Image>
    <Image Include="assets\images\buttonundo.png">
      <Filter>assets\images</Filter>
    </Image>
    <Image Include="assets\images\CircleVillage_texture.png">
      <Filter>assets\images</Filter>
    </Image>
    <Image Include="assets\images\CornerVilliage_texture.png">
      <Filter>assets\images</Filter>
    </Image>
    <Image Include="assets\images\cubeceEnemuhahaha.png">
      <Filter>assets\images</Filter>
    </Image>
    <Image Include="assets\images\examplebg.png">
      <Filter>assets\images</Filter>
    </Image>
    <Image Include="assets\images\face1.png">
      <Filter>assets\images</Filter>
    </Image>
    <Image Include="assets\images\face2.png">
      <Filter>assets\images</Filter>
    </Image>
    <Image Include="assets\images\female_cheer1.png">
      <Filter>assets\images</Filter>
    </Image>
    <Image Include="assets\images\Master_Layout_Texture.png">
      <Filter>assets\images</Filter>
    </Image>
    <Image Include="assets\images\MountainTest1.jpg">
      <Filter>assets\images</Filter>
    </Image>
    <Image Include="assets\images\olcpgemobilelogo.png">
      <Filter>assets\images</Filter>
    </Image>
    <Image Include="assets\images\pngsun1280.png">
      <Filter>assets\images</Filter>
    </Image>
    <Image Include="assets\images\profileimage.png">
      <Filter>assets\images</Filter>
    </Image>
    <Image Include="assets\images\run.png">
      <Filter>assets\images</Filter>
    </Image>
    <Image Include="assets\images\runsmall.png">
      <Filter>assets\images</Filter>
    </Image>
    <Image Include="assets\images\SmallVillage_texture.png">
      <Filter>assets\images</Filter>
    </Image>
    <Image Include="assets\images\spritesheet.png">
      <Filter>assets\images</Filter>
    </Image>
    <Image Include="assets\images\TestLandScape.jpg">
      <Filter>assets\images</Filter>
    </Image>
    <Image Include="assets\images\TestLandScape_small.png">
      <Filter>assets\images</Filter>
    </Image>
  </ItemGroup>
</Project>